
Microsoft Visual Studio Solution File, Format Version 12.00
# Visual Studio Version 16
VisualStudioVersion = 16.0.31005.135
MinimumVisualStudioVersion = 10.0.40219.1
Project("{FAE04EC0-301F-11D3-BF4B-00C04F79EFBC}") = "DiceRoller", "DiceRoller\DiceRoller.csproj", "{C0F9AE74-FD66-440A-8EF8-E837FC87EFC4}"
EndProject
Global
	GlobalSection(SolutionConfigurationPlatforms) = preSolution
		Debug|Any CPU = Debug|Any CPU
		Release|Any CPU = Release|Any CPU
	EndGlobalSection
	GlobalSection(ProjectConfigurationPlatforms) = postSolution
		{C0F9AE74-FD66-440A-8EF8-E837FC87EFC4}.Debug|Any CPU.ActiveCfg = Debug|Any CPU
		{C0F9AE74-FD66-440A-8EF8-E837FC87EFC4}.Debug|Any CPU.Build.0 = Debug|Any CPU
		{C0F9AE74-FD66-440A-8EF8-E837FC87EFC4}.Release|Any CPU.ActiveCfg = Release|Any CPU
		{C0F9AE74-FD66-440A-8EF8-E837FC87EFC4}.Release|Any CPU.Build.0 = Release|Any CPU
	EndGlobalSection
	GlobalSection(SolutionProperties) = preSolution
		HideSolutionNode = FALSE
	EndGlobalSection
	GlobalSection(ExtensibilityGlobals) = postSolution
		SolutionGuid = {B88E8685-2897-4DC3-9050-362E7342F6D2}
	EndGlobalSection
EndGlobal
